
Microsoft Visual Studio Solution File, Format Version 12.00
# Visual Studio Version 17
VisualStudioVersion = 17.9.34728.123
MinimumVisualStudioVersion = 10.0.40219.1
Project("{E53339B2-1760-4266-BCC7-CA923CBCF16C}") = "docker-compose", "docker-compose.dcproj", "{B587E9F8-BE76-469D-B34F-47D0CEA38FC5}"
EndProject
Project("{9A19103F-16F7-4668-BE54-9A1E7A4F7556}") = "Scooters.Api", "src\Scooters\Scooters.API\Scooters.Api.csproj", "{4104E1FD-3331-4F86-A318-1D654EA8FE24}"
EndProject
Project("{9A19103F-16F7-4668-BE54-9A1E7A4F7556}") = "Scooters.Consumer", "src\Scooters\Scooters.Consumer\Scooters.Consumer.csproj", "{6760797D-560D-4C86-A550-AB865506E007}"
EndProject
Project("{9A19103F-16F7-4668-BE54-9A1E7A4F7556}") = "Scooters.Data", "src\Scooters\Scooters.Data\Scooters.Data.csproj", "{E5745B1A-7C42-4632-8144-FFCE4A060A08}"
EndProject
Project("{2150E333-8FDC-42A3-9474-1A3956D46DE8}") = "Itens da solution", "Itens da solution", "{C0EAAFF5-604A-4057-B365-CECF4BBEE610}"
	ProjectSection(SolutionItems) = preProject
		README.md = README.md
	EndProjectSection
EndProject
Project("{2150E333-8FDC-42A3-9474-1A3956D46DE8}") = "src", "src", "{11188B68-F528-4B42-B97A-FC862A26E17E}"
EndProject
Project("{2150E333-8FDC-42A3-9474-1A3956D46DE8}") = "tests", "tests", "{E1B2CC84-120A-4B73-9639-EA260A44901F}"
EndProject
Project("{9A19103F-16F7-4668-BE54-9A1E7A4F7556}") = "Scooters.Data.Tests.Integration", "tests\Scooters.Data.Tests\Scooters.Data.Tests.Integration.csproj", "{993676D4-E74B-48B8-AEC2-A2BC145EBF1A}"
EndProject
Project("{9A19103F-16F7-4668-BE54-9A1E7A4F7556}") = "Deliveries.Api", "src\Deliveries\Deliveries.Api\Deliveries.Api.csproj", "{3FAAB724-72FF-4254-A8B3-D2E1FFC093C7}"
EndProject
Project("{9A19103F-16F7-4668-BE54-9A1E7A4F7556}") = "Deliveries.Data", "src\Deliveries\Deliveries.Data\Deliveries.Data.csproj", "{17C1D3AA-FE34-47DC-AF9F-9CF1C99ED919}"
EndProject
Project("{9A19103F-16F7-4668-BE54-9A1E7A4F7556}") = "Deliveries.Data.Tests.Integration", "tests\Deliveries.Data.Tests\Deliveries.Data.Tests.Integration.csproj", "{085C55E5-B107-4FAB-8EF1-D07337ED8FC1}"
EndProject
Project("{9A19103F-16F7-4668-BE54-9A1E7A4F7556}") = "Deliveries.Api.Tests.Integration", "tests\Deliveries.Api.Tests.Integration\Deliveries.Api.Tests.Integration.csproj", "{D4FDCCF8-1F39-40DF-88FE-ABEB073B63CC}"
EndProject
Project("{2150E333-8FDC-42A3-9474-1A3956D46DE8}") = "Deliveries", "Deliveries", "{9DDAC4E9-01BE-4FC6-9E49-CF562A88938A}"
EndProject
Project("{2150E333-8FDC-42A3-9474-1A3956D46DE8}") = "Scooters", "Scooters", "{8DFB6025-BDEC-4812-A319-8A6790CF2FB9}"
EndProject
Project("{2150E333-8FDC-42A3-9474-1A3956D46DE8}") = "Deliveries", "Deliveries", "{4340E2CF-AE29-4A09-9F14-29778A825802}"
EndProject
Project("{2150E333-8FDC-42A3-9474-1A3956D46DE8}") = "Scooters", "Scooters", "{EF7D7F88-2466-4D63-910B-2A0408F3AC39}"
EndProject
Project("{9A19103F-16F7-4668-BE54-9A1E7A4F7556}") = "Deliveries.Application", "src\Deliveries\Deliveries.Application\Deliveries.Application.csproj", "{37E3D8A3-989D-47D8-ABAF-0C3A0FE99F75}"
EndProject
Project("{9A19103F-16F7-4668-BE54-9A1E7A4F7556}") = "Deliveries.Domain", "src\Deliveries\Deliveries.Domain\Deliveries.Domain.csproj", "{45827852-0EF5-4BB2-A859-E5203647BE08}"
EndProject
Project("{9A19103F-16F7-4668-BE54-9A1E7A4F7556}") = "Deliveries.Domain.Tests.Unit", "tests\Deliveries.Api.Tests.Unit\Deliveries.Domain.Tests.Unit.csproj", "{24027502-51B2-437F-B3B1-EA3A79E858A2}"
EndProject
Global
	GlobalSection(SolutionConfigurationPlatforms) = preSolution
		Debug|Any CPU = Debug|Any CPU
		Release|Any CPU = Release|Any CPU
	EndGlobalSection
	GlobalSection(ProjectConfigurationPlatforms) = postSolution
		{B587E9F8-BE76-469D-B34F-47D0CEA38FC5}.Debug|Any CPU.ActiveCfg = Debug|Any CPU
		{B587E9F8-BE76-469D-B34F-47D0CEA38FC5}.Debug|Any CPU.Build.0 = Debug|Any CPU
		{B587E9F8-BE76-469D-B34F-47D0CEA38FC5}.Release|Any CPU.ActiveCfg = Release|Any CPU
		{B587E9F8-BE76-469D-B34F-47D0CEA38FC5}.Release|Any CPU.Build.0 = Release|Any CPU
		{4104E1FD-3331-4F86-A318-1D654EA8FE24}.Debug|Any CPU.ActiveCfg = Debug|Any CPU
		{4104E1FD-3331-4F86-A318-1D654EA8FE24}.Debug|Any CPU.Build.0 = Debug|Any CPU
		{4104E1FD-3331-4F86-A318-1D654EA8FE24}.Release|Any CPU.ActiveCfg = Release|Any CPU
		{4104E1FD-3331-4F86-A318-1D654EA8FE24}.Release|Any CPU.Build.0 = Release|Any CPU
		{6760797D-560D-4C86-A550-AB865506E007}.Debug|Any CPU.ActiveCfg = Debug|Any CPU
		{6760797D-560D-4C86-A550-AB865506E007}.Debug|Any CPU.Build.0 = Debug|Any CPU
		{6760797D-560D-4C86-A550-AB865506E007}.Release|Any CPU.ActiveCfg = Release|Any CPU
		{6760797D-560D-4C86-A550-AB865506E007}.Release|Any CPU.Build.0 = Release|Any CPU
		{E5745B1A-7C42-4632-8144-FFCE4A060A08}.Debug|Any CPU.ActiveCfg = Debug|Any CPU
		{E5745B1A-7C42-4632-8144-FFCE4A060A08}.Debug|Any CPU.Build.0 = Debug|Any CPU
		{E5745B1A-7C42-4632-8144-FFCE4A060A08}.Release|Any CPU.ActiveCfg = Release|Any CPU
		{E5745B1A-7C42-4632-8144-FFCE4A060A08}.Release|Any CPU.Build.0 = Release|Any CPU
		{993676D4-E74B-48B8-AEC2-A2BC145EBF1A}.Debug|Any CPU.ActiveCfg = Debug|Any CPU
		{993676D4-E74B-48B8-AEC2-A2BC145EBF1A}.Debug|Any CPU.Build.0 = Debug|Any CPU
		{993676D4-E74B-48B8-AEC2-A2BC145EBF1A}.Release|Any CPU.ActiveCfg = Release|Any CPU
		{993676D4-E74B-48B8-AEC2-A2BC145EBF1A}.Release|Any CPU.Build.0 = Release|Any CPU
		{3FAAB724-72FF-4254-A8B3-D2E1FFC093C7}.Debug|Any CPU.ActiveCfg = Debug|Any CPU
		{3FAAB724-72FF-4254-A8B3-D2E1FFC093C7}.Debug|Any CPU.Build.0 = Debug|Any CPU
		{3FAAB724-72FF-4254-A8B3-D2E1FFC093C7}.Release|Any CPU.ActiveCfg = Release|Any CPU
		{3FAAB724-72FF-4254-A8B3-D2E1FFC093C7}.Release|Any CPU.Build.0 = Release|Any CPU
		{17C1D3AA-FE34-47DC-AF9F-9CF1C99ED919}.Debug|Any CPU.ActiveCfg = Debug|Any CPU
		{17C1D3AA-FE34-47DC-AF9F-9CF1C99ED919}.Debug|Any CPU.Build.0 = Debug|Any CPU
		{17C1D3AA-FE34-47DC-AF9F-9CF1C99ED919}.Release|Any CPU.ActiveCfg = Release|Any CPU
		{17C1D3AA-FE34-47DC-AF9F-9CF1C99ED919}.Release|Any CPU.Build.0 = Release|Any CPU
		{085C55E5-B107-4FAB-8EF1-D07337ED8FC1}.Debug|Any CPU.ActiveCfg = Debug|Any CPU
		{085C55E5-B107-4FAB-8EF1-D07337ED8FC1}.Debug|Any CPU.Build.0 = Debug|Any CPU
		{085C55E5-B107-4FAB-8EF1-D07337ED8FC1}.Release|Any CPU.ActiveCfg = Release|Any CPU
		{085C55E5-B107-4FAB-8EF1-D07337ED8FC1}.Release|Any CPU.Build.0 = Release|Any CPU
		{D4FDCCF8-1F39-40DF-88FE-ABEB073B63CC}.Debug|Any CPU.ActiveCfg = Debug|Any CPU
		{D4FDCCF8-1F39-40DF-88FE-ABEB073B63CC}.Debug|Any CPU.Build.0 = Debug|Any CPU
		{D4FDCCF8-1F39-40DF-88FE-ABEB073B63CC}.Release|Any CPU.ActiveCfg = Release|Any CPU
		{D4FDCCF8-1F39-40DF-88FE-ABEB073B63CC}.Release|Any CPU.Build.0 = Release|Any CPU
		{37E3D8A3-989D-47D8-ABAF-0C3A0FE99F75}.Debug|Any CPU.ActiveCfg = Debug|Any CPU
		{37E3D8A3-989D-47D8-ABAF-0C3A0FE99F75}.Debug|Any CPU.Build.0 = Debug|Any CPU
		{37E3D8A3-989D-47D8-ABAF-0C3A0FE99F75}.Release|Any CPU.ActiveCfg = Release|Any CPU
		{37E3D8A3-989D-47D8-ABAF-0C3A0FE99F75}.Release|Any CPU.Build.0 = Release|Any CPU
		{45827852-0EF5-4BB2-A859-E5203647BE08}.Debug|Any CPU.ActiveCfg = Debug|Any CPU
		{45827852-0EF5-4BB2-A859-E5203647BE08}.Debug|Any CPU.Build.0 = Debug|Any CPU
		{45827852-0EF5-4BB2-A859-E5203647BE08}.Release|Any CPU.ActiveCfg = Release|Any CPU
		{45827852-0EF5-4BB2-A859-E5203647BE08}.Release|Any CPU.Build.0 = Release|Any CPU
		{24027502-51B2-437F-B3B1-EA3A79E858A2}.Debug|Any CPU.ActiveCfg = Debug|Any CPU
		{24027502-51B2-437F-B3B1-EA3A79E858A2}.Debug|Any CPU.Build.0 = Debug|Any CPU
		{24027502-51B2-437F-B3B1-EA3A79E858A2}.Release|Any CPU.ActiveCfg = Release|Any CPU
		{24027502-51B2-437F-B3B1-EA3A79E858A2}.Release|Any CPU.Build.0 = Release|Any CPU
	EndGlobalSection
	GlobalSection(SolutionProperties) = preSolution
		HideSolutionNode = FALSE
	EndGlobalSection
	GlobalSection(NestedProjects) = preSolution
		{4104E1FD-3331-4F86-A318-1D654EA8FE24} = {8DFB6025-BDEC-4812-A319-8A6790CF2FB9}
		{6760797D-560D-4C86-A550-AB865506E007} = {8DFB6025-BDEC-4812-A319-8A6790CF2FB9}
		{E5745B1A-7C42-4632-8144-FFCE4A060A08} = {8DFB6025-BDEC-4812-A319-8A6790CF2FB9}
		{993676D4-E74B-48B8-AEC2-A2BC145EBF1A} = {EF7D7F88-2466-4D63-910B-2A0408F3AC39}
		{3FAAB724-72FF-4254-A8B3-D2E1FFC093C7} = {9DDAC4E9-01BE-4FC6-9E49-CF562A88938A}
		{17C1D3AA-FE34-47DC-AF9F-9CF1C99ED919} = {9DDAC4E9-01BE-4FC6-9E49-CF562A88938A}
		{085C55E5-B107-4FAB-8EF1-D07337ED8FC1} = {4340E2CF-AE29-4A09-9F14-29778A825802}
		{D4FDCCF8-1F39-40DF-88FE-ABEB073B63CC} = {4340E2CF-AE29-4A09-9F14-29778A825802}
		{9DDAC4E9-01BE-4FC6-9E49-CF562A88938A} = {11188B68-F528-4B42-B97A-FC862A26E17E}
		{8DFB6025-BDEC-4812-A319-8A6790CF2FB9} = {11188B68-F528-4B42-B97A-FC862A26E17E}
		{4340E2CF-AE29-4A09-9F14-29778A825802} = {E1B2CC84-120A-4B73-9639-EA260A44901F}
		{EF7D7F88-2466-4D63-910B-2A0408F3AC39} = {E1B2CC84-120A-4B73-9639-EA260A44901F}
		{37E3D8A3-989D-47D8-ABAF-0C3A0FE99F75} = {9DDAC4E9-01BE-4FC6-9E49-CF562A88938A}
		{45827852-0EF5-4BB2-A859-E5203647BE08} = {9DDAC4E9-01BE-4FC6-9E49-CF562A88938A}
		{24027502-51B2-437F-B3B1-EA3A79E858A2} = {4340E2CF-AE29-4A09-9F14-29778A825802}
	EndGlobalSection
	GlobalSection(ExtensibilityGlobals) = postSolution
		SolutionGuid = {21CEF7F1-49E1-4C7F-8991-6699F2383331}
	EndGlobalSection
EndGlobal
